// !$*UTF8*$!
{
	archiveVersion = 1;
	classes = {
	};
	objectVersion = 56;
	objects = {

/* Begin PBXBuildFile section */
		860DC2472D30EEAE00FF9819 /* SnapKit in Frameworks */ = {isa = PBXBuildFile; productRef = 860DC2462D30EEAE00FF9819 /* SnapKit */; };
		860DC2522D30EFBE00FF9819 /* NewsResponse.swift in Sources */ = {isa = PBXBuildFile; fileRef = 860DC2512D30EFBE00FF9819 /* NewsResponse.swift */; };
		860DC2542D30EFD500FF9819 /* TableViewCell.swift in Sources */ = {isa = PBXBuildFile; fileRef = 860DC2532D30EFD500FF9819 /* TableViewCell.swift */; };
		860DC25A2D30F15500FF9819 /* DetailNewsViewController.swift in Sources */ = {isa = PBXBuildFile; fileRef = 860DC2592D30F15500FF9819 /* DetailNewsViewController.swift */; };
		860DC2602D30F23C00FF9819 /* SavedArticleViewController.swift in Sources */ = {isa = PBXBuildFile; fileRef = 860DC25F2D30F23C00FF9819 /* SavedArticleViewController.swift */; };
		86E0D2D22D2E5712002E41D1 /* AppDelegate.swift in Sources */ = {isa = PBXBuildFile; fileRef = 86E0D2D12D2E5712002E41D1 /* AppDelegate.swift */; };
		86E0D2D42D2E5712002E41D1 /* SceneDelegate.swift in Sources */ = {isa = PBXBuildFile; fileRef = 86E0D2D32D2E5712002E41D1 /* SceneDelegate.swift */; };
		86E0D2D62D2E5712002E41D1 /* MainViewController.swift in Sources */ = {isa = PBXBuildFile; fileRef = 86E0D2D52D2E5712002E41D1 /* MainViewController.swift */; };
		86E0D2D92D2E5712002E41D1 /* Base in Resources */ = {isa = PBXBuildFile; fileRef = 86E0D2D82D2E5712002E41D1 /* Base */; };
		86E0D2DB2D2E5714002E41D1 /* Assets.xcassets in Resources */ = {isa = PBXBuildFile; fileRef = 86E0D2DA2D2E5714002E41D1 /* Assets.xcassets */; };
		86E0D2DE2D2E5714002E41D1 /* Base in Resources */ = {isa = PBXBuildFile; fileRef = 86E0D2DD2D2E5714002E41D1 /* Base */; };
/* End PBXBuildFile section */

/* Begin PBXFileReference section */
		860DC2512D30EFBE00FF9819 /* NewsResponse.swift */ = {isa = PBXFileReference; lastKnownFileType = sourcecode.swift; path = NewsResponse.swift; sourceTree = "<group>"; };
		860DC2532D30EFD500FF9819 /* TableViewCell.swift */ = {isa = PBXFileReference; lastKnownFileType = sourcecode.swift; path = TableViewCell.swift; sourceTree = "<group>"; };
		860DC2592D30F15500FF9819 /* DetailNewsViewController.swift */ = {isa = PBXFileReference; lastKnownFileType = sourcecode.swift; path = DetailNewsViewController.swift; sourceTree = "<group>"; };
		860DC25F2D30F23C00FF9819 /* SavedArticleViewController.swift */ = {isa = PBXFileReference; lastKnownFileType = sourcecode.swift; path = SavedArticleViewController.swift; sourceTree = "<group>"; };
		86E0D2CE2D2E5712002E41D1 /* News.app */ = {isa = PBXFileReference; explicitFileType = wrapper.application; includeInIndex = 0; path = News.app; sourceTree = BUILT_PRODUCTS_DIR; };
		86E0D2D12D2E5712002E41D1 /* AppDelegate.swift */ = {isa = PBXFileReference; lastKnownFileType = sourcecode.swift; path = AppDelegate.swift; sourceTree = "<group>"; };
		86E0D2D32D2E5712002E41D1 /* SceneDelegate.swift */ = {isa = PBXFileReference; lastKnownFileType = sourcecode.swift; path = SceneDelegate.swift; sourceTree = "<group>"; };
		86E0D2D52D2E5712002E41D1 /* MainViewController.swift */ = {isa = PBXFileReference; lastKnownFileType = sourcecode.swift; path = MainViewController.swift; sourceTree = "<group>"; };
		86E0D2D82D2E5712002E41D1 /* Base */ = {isa = PBXFileReference; lastKnownFileType = file.storyboard; name = Base; path = Base.lproj/Main.storyboard; sourceTree = "<group>"; };
		86E0D2DA2D2E5714002E41D1 /* Assets.xcassets */ = {isa = PBXFileReference; lastKnownFileType = folder.assetcatalog; path = Assets.xcassets; sourceTree = "<group>"; };
		86E0D2DD2D2E5714002E41D1 /* Base */ = {isa = PBXFileReference; lastKnownFileType = file.storyboard; name = Base; path = Base.lproj/LaunchScreen.storyboard; sourceTree = "<group>"; };
		86E0D2DF2D2E5714002E41D1 /* Info.plist */ = {isa = PBXFileReference; lastKnownFileType = text.plist.xml; path = Info.plist; sourceTree = "<group>"; };
/* End PBXFileReference section */

/* Begin PBXFrameworksBuildPhase section */
		86E0D2CB2D2E5712002E41D1 /* Frameworks */ = {
			isa = PBXFrameworksBuildPhase;
			buildActionMask = 2147483647;
			files = (
				860DC2472D30EEAE00FF9819 /* SnapKit in Frameworks */,
			);
			runOnlyForDeploymentPostprocessing = 0;
		};
/* End PBXFrameworksBuildPhase section */

/* Begin PBXGroup section */
		860DC2482D30EEDA00FF9819 /* Screens  */ = {
			isa = PBXGroup;
			children = (
				860DC25B2D30F1B500FF9819 /* SavedArticleScreen */,
				860DC2552D30EFFE00FF9819 /* DetailNewsScreen */,
				860DC2492D30EEE200FF9819 /* MainScreen */,
			);
			path = "Screens ";
			sourceTree = "<group>";
		};
		860DC2492D30EEE200FF9819 /* MainScreen */ = {
			isa = PBXGroup;
			children = (
				860DC24C2D30EEFA00FF9819 /* Model */,
				860DC24B2D30EEF300FF9819 /* View */,
				860DC24A2D30EEEB00FF9819 /* Controller */,
			);
			path = MainScreen;
			sourceTree = "<group>";
		};
		860DC24A2D30EEEB00FF9819 /* Controller */ = {
			isa = PBXGroup;
			children = (
				86E0D2D52D2E5712002E41D1 /* MainViewController.swift */,
			);
			path = Controller;
			sourceTree = "<group>";
		};
		860DC24B2D30EEF300FF9819 /* View */ = {
			isa = PBXGroup;
			children = (
				860DC2532D30EFD500FF9819 /* TableViewCell.swift */,
			);
			path = View;
			sourceTree = "<group>";
		};
		860DC24C2D30EEFA00FF9819 /* Model */ = {
			isa = PBXGroup;
			children = (
				860DC2512D30EFBE00FF9819 /* NewsResponse.swift */,
			);
			path = Model;
			sourceTree = "<group>";
		};
		860DC2552D30EFFE00FF9819 /* DetailNewsScreen */ = {
			isa = PBXGroup;
			children = (
				860DC2582D30F01F00FF9819 /* Model */,
				860DC2572D30F01900FF9819 /* View */,
				860DC2562D30F01100FF9819 /* Controller */,
			);
			path = DetailNewsScreen;
			sourceTree = "<group>";
		};
		860DC2562D30F01100FF9819 /* Controller */ = {
			isa = PBXGroup;
			children = (
				860DC2592D30F15500FF9819 /* DetailNewsViewController.swift */,
			);
			path = Controller;
			sourceTree = "<group>";
		};
		860DC2572D30F01900FF9819 /* View */ = {
			isa = PBXGroup;
			children = (
			);
			path = View;
			sourceTree = "<group>";
		};
		860DC2582D30F01F00FF9819 /* Model */ = {
			isa = PBXGroup;
			children = (
			);
			path = Model;
			sourceTree = "<group>";
		};
		860DC25B2D30F1B500FF9819 /* SavedArticleScreen */ = {
			isa = PBXGroup;
			children = (
				860DC25E2D30F1D300FF9819 /* Model */,
				860DC25D2D30F1CB00FF9819 /* View */,
				860DC25C2D30F1C100FF9819 /* Controller */,
			);
			path = SavedArticleScreen;
			sourceTree = "<group>";
		};
		860DC25C2D30F1C100FF9819 /* Controller */ = {
			isa = PBXGroup;
			children = (
				860DC25F2D30F23C00FF9819 /* SavedArticleViewController.swift */,
			);
			path = Controller;
			sourceTree = "<group>";
		};
		860DC25D2D30F1CB00FF9819 /* View */ = {
			isa = PBXGroup;
			children = (
			);
			path = View;
			sourceTree = "<group>";
		};
		860DC25E2D30F1D300FF9819 /* Model */ = {
			isa = PBXGroup;
			children = (
			);
			path = Model;
			sourceTree = "<group>";
		};
		86E0D2C52D2E5712002E41D1 = {
			isa = PBXGroup;
			children = (
				86E0D2D02D2E5712002E41D1 /* News */,
				86E0D2CF2D2E5712002E41D1 /* Products */,
			);
			sourceTree = "<group>";
		};
		86E0D2CF2D2E5712002E41D1 /* Products */ = {
			isa = PBXGroup;
			children = (
				86E0D2CE2D2E5712002E41D1 /* News.app */,
			);
			name = Products;
			sourceTree = "<group>";
		};
		86E0D2D02D2E5712002E41D1 /* News */ = {
			isa = PBXGroup;
			children = (
				860DC2482D30EEDA00FF9819 /* Screens  */,
				86E0D2D12D2E5712002E41D1 /* AppDelegate.swift */,
				86E0D2D32D2E5712002E41D1 /* SceneDelegate.swift */,
				86E0D2D72D2E5712002E41D1 /* Main.storyboard */,
				86E0D2DA2D2E5714002E41D1 /* Assets.xcassets */,
				86E0D2DC2D2E5714002E41D1 /* LaunchScreen.storyboard */,
				86E0D2DF2D2E5714002E41D1 /* Info.plist */,
			);
			path = News;
			sourceTree = "<group>";
		};
/* End PBXGroup section */

/* Begin PBXNativeTarget section */
		86E0D2CD2D2E5712002E41D1 /* News */ = {
			isa = PBXNativeTarget;
			buildConfigurationList = 86E0D2E22D2E5714002E41D1 /* Build configuration list for PBXNativeTarget "News" */;
			buildPhases = (
				86E0D2CA2D2E5712002E41D1 /* Sources */,
				86E0D2CB2D2E5712002E41D1 /* Frameworks */,
				86E0D2CC2D2E5712002E41D1 /* Resources */,
			);
			buildRules = (
			);
			dependencies = (
			);
			name = News;
			packageProductDependencies = (
				860DC2462D30EEAE00FF9819 /* SnapKit */,
			);
			productName = News;
			productReference = 86E0D2CE2D2E5712002E41D1 /* News.app */;
			productType = "com.apple.product-type.application";
		};
/* End PBXNativeTarget section */

/* Begin PBXProject section */
		86E0D2C62D2E5712002E41D1 /* Project object */ = {
			isa = PBXProject;
			attributes = {
				BuildIndependentTargetsInParallel = 1;
				LastSwiftUpdateCheck = 1540;
				LastUpgradeCheck = 1540;
				TargetAttributes = {
					86E0D2CD2D2E5712002E41D1 = {
						CreatedOnToolsVersion = 15.4;
					};
				};
			};
			buildConfigurationList = 86E0D2C92D2E5712002E41D1 /* Build configuration list for PBXProject "News" */;
			compatibilityVersion = "Xcode 14.0";
			developmentRegion = en;
			hasScannedForEncodings = 0;
			knownRegions = (
				en,
				Base,
			);
			mainGroup = 86E0D2C52D2E5712002E41D1;
			packageReferences = (
				860DC2452D30EEAE00FF9819 /* XCRemoteSwiftPackageReference "SnapKit" */,
			);
			productRefGroup = 86E0D2CF2D2E5712002E41D1 /* Products */;
			projectDirPath = "";
			projectRoot = "";
			targets = (
				86E0D2CD2D2E5712002E41D1 /* News */,
			);
		};
/* End PBXProject section */

/* Begin PBXResourcesBuildPhase section */
		86E0D2CC2D2E5712002E41D1 /* Resources */ = {
			isa = PBXResourcesBuildPhase;
			buildActionMask = 2147483647;
			files = (
				86E0D2DB2D2E5714002E41D1 /* Assets.xcassets in Resources */,
				86E0D2DE2D2E5714002E41D1 /* Base in Resources */,
				86E0D2D92D2E5712002E41D1 /* Base in Resources */,
			);
			runOnlyForDeploymentPostprocessing = 0;
		};
/* End PBXResourcesBuildPhase section */

/* Begin PBXSourcesBuildPhase section */
		86E0D2CA2D2E5712002E41D1 /* Sources */ = {
			isa = PBXSourcesBuildPhase;
			buildActionMask = 2147483647;
			files = (
				860DC2602D30F23C00FF9819 /* SavedArticleViewController.swift in Sources */,
				860DC2542D30EFD500FF9819 /* TableViewCell.swift in Sources */,
				86E0D2D62D2E5712002E41D1 /* MainViewController.swift in Sources */,
				860DC2522D30EFBE00FF9819 /* NewsResponse.swift in Sources */,
				86E0D2D22D2E5712002E41D1 /* AppDelegate.swift in Sources */,
				860DC25A2D30F15500FF9819 /* DetailNewsViewController.swift in Sources */,
				86E0D2D42D2E5712002E41D1 /* SceneDelegate.swift in Sources */,
			);
			runOnlyForDeploymentPostprocessing = 0;
		};
/* End PBXSourcesBuildPhase section */

/* Begin PBXVariantGroup section */
		86E0D2D72D2E5712002E41D1 /* Main.storyboard */ = {
			isa = PBXVariantGroup;
			children = (
				86E0D2D82D2E5712002E41D1 /* Base */,
			);
			name = Main.storyboard;
			sourceTree = "<group>";
		};
		86E0D2DC2D2E5714002E41D1 /* LaunchScreen.storyboard */ = {
			isa = PBXVariantGroup;
			children = (
				86E0D2DD2D2E5714002E41D1 /* Base */,
			);
			name = LaunchScreen.storyboard;
			sourceTree = "<group>";
		};
/* End PBXVariantGroup section */

/* Begin XCBuildConfiguration section */
		86E0D2E02D2E5714002E41D1 /* Debug */ = {
			isa = XCBuildConfiguration;
			buildSettings = {
				ALWAYS_SEARCH_USER_PATHS = NO;
				ASSETCATALOG_COMPILER_GENERATE_SWIFT_ASSET_SYMBOL_EXTENSIONS = YES;
				CLANG_ANALYZER_NONNULL = YES;
				CLANG_ANALYZER_NUMBER_OBJECT_CONVERSION = YES_AGGRESSIVE;
				CLANG_CXX_LANGUAGE_STANDARD = "gnu++20";
				CLANG_ENABLE_MODULES = YES;
				CLANG_ENABLE_OBJC_ARC = YES;
				CLANG_ENABLE_OBJC_WEAK = YES;
				CLANG_WARN_BLOCK_CAPTURE_AUTORELEASING = YES;
				CLANG_WARN_BOOL_CONVERSION = YES;
				CLANG_WARN_COMMA = YES;
				CLANG_WARN_CONSTANT_CONVERSION = YES;
				CLANG_WARN_DEPRECATED_OBJC_IMPLEMENTATIONS = YES;
				CLANG_WARN_DIRECT_OBJC_ISA_USAGE = YES_ERROR;
				CLANG_WARN_DOCUMENTATION_COMMENTS = YES;
				CLANG_WARN_EMPTY_BODY = YES;
				CLANG_WARN_ENUM_CONVERSION = YES;
				CLANG_WARN_INFINITE_RECURSION = YES;
				CLANG_WARN_INT_CONVERSION = YES;
				CLANG_WARN_NON_LITERAL_NULL_CONVERSION = YES;
				CLANG_WARN_OBJC_IMPLICIT_RETAIN_SELF = YES;
				CLANG_WARN_OBJC_LITERAL_CONVERSION = YES;
				CLANG_WARN_OBJC_ROOT_CLASS = YES_ERROR;
				CLANG_WARN_QUOTED_INCLUDE_IN_FRAMEWORK_HEADER = YES;
				CLANG_WARN_RANGE_LOOP_ANALYSIS = YES;
				CLANG_WARN_STRICT_PROTOTYPES = YES;
				CLANG_WARN_SUSPICIOUS_MOVE = YES;
				CLANG_WARN_UNGUARDED_AVAILABILITY = YES_AGGRESSIVE;
				CLANG_WARN_UNREACHABLE_CODE = YES;
				CLANG_WARN__DUPLICATE_METHOD_MATCH = YES;
				COPY_PHASE_STRIP = NO;
				DEBUG_INFORMATION_FORMAT = dwarf;
				ENABLE_STRICT_OBJC_MSGSEND = YES;
				ENABLE_TESTABILITY = YES;
				ENABLE_USER_SCRIPT_SANDBOXING = YES;
				GCC_C_LANGUAGE_STANDARD = gnu17;
				GCC_DYNAMIC_NO_PIC = NO;
				GCC_NO_COMMON_BLOCKS = YES;
				GCC_OPTIMIZATION_LEVEL = 0;
				GCC_PREPROCESSOR_DEFINITIONS = (
					"DEBUG=1",
					"$(inherited)",
				);
				GCC_WARN_64_TO_32_BIT_CONVERSION = YES;
				GCC_WARN_ABOUT_RETURN_TYPE = YES_ERROR;
				GCC_WARN_UNDECLARED_SELECTOR = YES;
				GCC_WARN_UNINITIALIZED_AUTOS = YES_AGGRESSIVE;
				GCC_WARN_UNUSED_FUNCTION = YES;
				GCC_WARN_UNUSED_VARIABLE = YES;
				IPHONEOS_DEPLOYMENT_TARGET = 17.5;
				LOCALIZATION_PREFERS_STRING_CATALOGS = YES;
				MTL_ENABLE_DEBUG_INFO = INCLUDE_SOURCE;
				MTL_FAST_MATH = YES;
				ONLY_ACTIVE_ARCH = YES;
				SDKROOT = iphoneos;
				SWIFT_ACTIVE_COMPILATION_CONDITIONS = "DEBUG $(inherited)";
				SWIFT_OPTIMIZATION_LEVEL = "-Onone";
			};
			name = Debug;
		};
		86E0D2E12D2E5714002E41D1 /* Release */ = {
			isa = XCBuildConfiguration;
			buildSettings = {
				ALWAYS_SEARCH_USER_PATHS = NO;
				ASSETCATALOG_COMPILER_GENERATE_SWIFT_ASSET_SYMBOL_EXTENSIONS = YES;
				CLANG_ANALYZER_NONNULL = YES;
				CLANG_ANALYZER_NUMBER_OBJECT_CONVERSION = YES_AGGRESSIVE;
				CLANG_CXX_LANGUAGE_STANDARD = "gnu++20";
				CLANG_ENABLE_MODULES = YES;
				CLANG_ENABLE_OBJC_ARC = YES;
				CLANG_ENABLE_OBJC_WEAK = YES;
				CLANG_WARN_BLOCK_CAPTURE_AUTORELEASING = YES;
				CLANG_WARN_BOOL_CONVERSION = YES;
				CLANG_WARN_COMMA = YES;
				CLANG_WARN_CONSTANT_CONVERSION = YES;
				CLANG_WARN_DEPRECATED_OBJC_IMPLEMENTATIONS = YES;
				CLANG_WARN_DIRECT_OBJC_ISA_USAGE = YES_ERROR;
				CLANG_WARN_DOCUMENTATION_COMMENTS = YES;
				CLANG_WARN_EMPTY_BODY = YES;
				CLANG_WARN_ENUM_CONVERSION = YES;
				CLANG_WARN_INFINITE_RECURSION = YES;
				CLANG_WARN_INT_CONVERSION = YES;
				CLANG_WARN_NON_LITERAL_NULL_CONVERSION = YES;
				CLANG_WARN_OBJC_IMPLICIT_RETAIN_SELF = YES;
				CLANG_WARN_OBJC_LITERAL_CONVERSION = YES;
				CLANG_WARN_OBJC_ROOT_CLASS = YES_ERROR;
				CLANG_WARN_QUOTED_INCLUDE_IN_FRAMEWORK_HEADER = YES;
				CLANG_WARN_RANGE_LOOP_ANALYSIS = YES;
				CLANG_WARN_STRICT_PROTOTYPES = YES;
				CLANG_WARN_SUSPICIOUS_MOVE = YES;
				CLANG_WARN_UNGUARDED_AVAILABILITY = YES_AGGRESSIVE;
				CLANG_WARN_UNREACHABLE_CODE = YES;
				CLANG_WARN__DUPLICATE_METHOD_MATCH = YES;
				COPY_PHASE_STRIP = NO;
				DEBUG_INFORMATION_FORMAT = "dwarf-with-dsym";
				ENABLE_NS_ASSERTIONS = NO;
				ENABLE_STRICT_OBJC_MSGSEND = YES;
				ENABLE_USER_SCRIPT_SANDBOXING = YES;
				GCC_C_LANGUAGE_STANDARD = gnu17;
				GCC_NO_COMMON_BLOCKS = YES;
				GCC_WARN_64_TO_32_BIT_CONVERSION = YES;
				GCC_WARN_ABOUT_RETURN_TYPE = YES_ERROR;
				GCC_WARN_UNDECLARED_SELECTOR = YES;
				GCC_WARN_UNINITIALIZED_AUTOS = YES_AGGRESSIVE;
				GCC_WARN_UNUSED_FUNCTION = YES;
				GCC_WARN_UNUSED_VARIABLE = YES;
				IPHONEOS_DEPLOYMENT_TARGET = 17.5;
				LOCALIZATION_PREFERS_STRING_CATALOGS = YES;
				MTL_ENABLE_DEBUG_INFO = NO;
				MTL_FAST_MATH = YES;
				SDKROOT = iphoneos;
				SWIFT_COMPILATION_MODE = wholemodule;
				VALIDATE_PRODUCT = YES;
			};
			name = Release;
		};
		86E0D2E32D2E5714002E41D1 /* Debug */ = {
			isa = XCBuildConfiguration;
			buildSettings = {
				ASSETCATALOG_COMPILER_APPICON_NAME = AppIcon;
				ASSETCATALOG_COMPILER_GLOBAL_ACCENT_COLOR_NAME = AccentColor;
				CODE_SIGN_STYLE = Automatic;
				CURRENT_PROJECT_VERSION = 1;
				DEVELOPMENT_TEAM = L4WNAW7QFZ;
				GENERATE_INFOPLIST_FILE = YES;
				INFOPLIST_FILE = News/Info.plist;
				INFOPLIST_KEY_UIApplicationSupportsIndirectInputEvents = YES;
				INFOPLIST_KEY_UILaunchStoryboardName = LaunchScreen;
				INFOPLIST_KEY_UIMainStoryboardFile = Main;
				INFOPLIST_KEY_UISupportedInterfaceOrientations_iPad = "UIInterfaceOrientationPortrait UIInterfaceOrientationPortraitUpsideDown UIInterfaceOrientationLandscapeLeft UIInterfaceOrientationLandscapeRight";
				INFOPLIST_KEY_UISupportedInterfaceOrientations_iPhone = "UIInterfaceOrientationPortrait UIInterfaceOrientationLandscapeLeft UIInterfaceOrientationLandscapeRight";
				LD_RUNPATH_SEARCH_PATHS = (
					"$(inherited)",
					"@executable_path/Frameworks",
				);
				MARKETING_VERSION = 1.0;
				PRODUCT_BUNDLE_IDENTIFIER = com.aisha.News;
				PRODUCT_NAME = "$(TARGET_NAME)";
				SWIFT_EMIT_LOC_STRINGS = YES;
				SWIFT_VERSION = 5.0;
				TARGETED_DEVICE_FAMILY = "1,2";
			};
			name = Debug;
		};
		86E0D2E42D2E5714002E41D1 /* Release */ = {
			isa = XCBuildConfiguration;
			buildSettings = {
				ASSETCATALOG_COMPILER_APPICON_NAME = AppIcon;
				ASSETCATALOG_COMPILER_GLOBAL_ACCENT_COLOR_NAME = AccentColor;
				CODE_SIGN_STYLE = Automatic;
				CURRENT_PROJECT_VERSION = 1;
				DEVELOPMENT_TEAM = L4WNAW7QFZ;
				GENERATE_INFOPLIST_FILE = YES;
				INFOPLIST_FILE = News/Info.plist;
				INFOPLIST_KEY_UIApplicationSupportsIndirectInputEvents = YES;
				INFOPLIST_KEY_UILaunchStoryboardName = LaunchScreen;
				INFOPLIST_KEY_UIMainStoryboardFile = Main;
				INFOPLIST_KEY_UISupportedInterfaceOrientations_iPad = "UIInterfaceOrientationPortrait UIInterfaceOrientationPortraitUpsideDown UIInterfaceOrientationLandscapeLeft UIInterfaceOrientationLandscapeRight";
				INFOPLIST_KEY_UISupportedInterfaceOrientations_iPhone = "UIInterfaceOrientationPortrait UIInterfaceOrientationLandscapeLeft UIInterfaceOrientationLandscapeRight";
				LD_RUNPATH_SEARCH_PATHS = (
					"$(inherited)",
					"@executable_path/Frameworks",
				);
				MARKETING_VERSION = 1.0;
				PRODUCT_BUNDLE_IDENTIFIER = com.aisha.News;
				PRODUCT_NAME = "$(TARGET_NAME)";
				SWIFT_EMIT_LOC_STRINGS = YES;
				SWIFT_VERSION = 5.0;
				TARGETED_DEVICE_FAMILY = "1,2";
			};
			name = Release;
		};
/* End XCBuildConfiguration section */

/* Begin XCConfigurationList section */
		86E0D2C92D2E5712002E41D1 /* Build configuration list for PBXProject "News" */ = {
			isa = XCConfigurationList;
			buildConfigurations = (
				86E0D2E02D2E5714002E41D1 /* Debug */,
				86E0D2E12D2E5714002E41D1 /* Release */,
			);
			defaultConfigurationIsVisible = 0;
			defaultConfigurationName = Release;
		};
		86E0D2E22D2E5714002E41D1 /* Build configuration list for PBXNativeTarget "News" */ = {
			isa = XCConfigurationList;
			buildConfigurations = (
				86E0D2E32D2E5714002E41D1 /* Debug */,
				86E0D2E42D2E5714002E41D1 /* Release */,
			);
			defaultConfigurationIsVisible = 0;
			defaultConfigurationName = Release;
		};
/* End XCConfigurationList section */

/* Begin XCRemoteSwiftPackageReference section */
		860DC2452D30EEAE00FF9819 /* XCRemoteSwiftPackageReference "SnapKit" */ = {
			isa = XCRemoteSwiftPackageReference;
			repositoryURL = "https://github.com/SnapKit/SnapKit.git";
			requirement = {
				kind = upToNextMajorVersion;
				minimumVersion = 5.7.1;
			};
		};
/* End XCRemoteSwiftPackageReference section */

/* Begin XCSwiftPackageProductDependency section */
		860DC2462D30EEAE00FF9819 /* SnapKit */ = {
			isa = XCSwiftPackageProductDependency;
			package = 860DC2452D30EEAE00FF9819 /* XCRemoteSwiftPackageReference "SnapKit" */;
			productName = SnapKit;
		};
/* End XCSwiftPackageProductDependency section */
	};
	rootObject = 86E0D2C62D2E5712002E41D1 /* Project object */;
}
